{
  "lockfile_version": "1",
  "packages": {
    "ffmpeg": {
      "resolved": "github:NixOS/nixpkgs/85a6c4a07faa12aaccd81b36ba9bfc2bec974fa1?narHash=sha256-3YJkOBrFpmcusnh7i8GXXEyh7qZG%2F8F5z5%2B717550Hk%3D#ffmpeg",
      "source": "nixpkg",
      "systems": {
        "x86_64-linux": {
          "outputs": [
            {
              "name": "man",
              "path": "/nix/store/l3n0qd7bw7ivfq53p1yhsl5zpw0gcmsh-ffmpeg-8.0-man",
              "default": true
            },
            {
              "name": "bin",
              "path": "/nix/store/m88alr898xh64hw62xnj4kbvpr8m0w30-ffmpeg-8.0-bin",
              "default": true
            }
          ]
        }
      }
    },
    "git": {
      "resolved": "github:NixOS/nixpkgs/85a6c4a07faa12aaccd81b36ba9bfc2bec974fa1?narHash=sha256-3YJkOBrFpmcusnh7i8GXXEyh7qZG%2F8F5z5%2B717550Hk%3D#git",
      "source": "nixpkg",
      "systems": {
        "x86_64-linux": {
          "outputs": [
            {
              "path": "/nix/store/q6jjgnyivwx7r4wynsi6g36k6srfy7mk-git-2.51.2",
              "default": true
            }
          ]
        }
      }
    },
    "github:NixOS/nixpkgs/nixpkgs-unstable": {
      "last_modified": "2025-11-16T17:00:02Z",
      "resolved": "github:NixOS/nixpkgs/85a6c4a07faa12aaccd81b36ba9bfc2bec974fa1?lastModified=1763312402&narHash=sha256-3YJkOBrFpmcusnh7i8GXXEyh7qZG%2F8F5z5%2B717550Hk%3D"
    },
    "libreoffice": {
      "resolved": "github:NixOS/nixpkgs/85a6c4a07faa12aaccd81b36ba9bfc2bec974fa1?narHash=sha256-3YJkOBrFpmcusnh7i8GXXEyh7qZG%2F8F5z5%2B717550Hk%3D#libreoffice",
      "source": "nixpkg",
      "systems": {
        "x86_64-linux": {
          "outputs": [
            {
              "name": "wrapped",
              "path": "/nix/store/aawrr24np5apw5achlkr16ql3l7lhmx0-libreoffice-25.2.6.2-wrapped",
              "default": true
            }
          ]
        }
      }
    },
    "nodejs@22": {
      "last_modified": "2025-06-06T01:46:53Z",
      "plugin_version": "0.0.2",
      "resolved": "github:NixOS/nixpkgs/6ad174a6dc07c7742fc64005265addf87ad08615#nodejs_22",
      "source": "devbox-search",
      "version": "22.14.0",
      "systems": {
        "aarch64-darwin": {
          "outputs": [
            {
              "name": "out",
              "path": "/nix/store/g5bv4gi6p7ryhs2hbaryxs6ivsxa6lqc-nodejs-22.14.0",
              "default": true
            },
            {
              "name": "dev",
              "path": "/nix/store/96vpirdcns8zxdwzwl7n804012lwrf1n-nodejs-22.14.0-dev"
            },
            {
              "name": "libv8",
              "path": "/nix/store/xph2837xqjnra80mqlk64xp7vb3kkqxs-nodejs-22.14.0-libv8"
            }
          ],
          "store_path": "/nix/store/g5bv4gi6p7ryhs2hbaryxs6ivsxa6lqc-nodejs-22.14.0"
        },
        "aarch64-linux": {
          "outputs": [
            {
              "name": "out",
              "path": "/nix/store/cwb781xbp70f72njqh8vhvbsf1xq87i5-nodejs-22.14.0",
              "default": true
            },
            {
              "name": "dev",
              "path": "/nix/store/0w5mql46am2qai707a42q983l44l1h9z-nodejs-22.14.0-dev"
            },
            {
              "name": "libv8",
              "path": "/nix/store/vy56lahz381ayvw3hym3wj4r4ggv7gbk-nodejs-22.14.0-libv8"
            }
          ],
          "store_path": "/nix/store/cwb781xbp70f72njqh8vhvbsf1xq87i5-nodejs-22.14.0"
        },
        "x86_64-darwin": {
          "outputs": [
            {
              "name": "out",
              "path": "/nix/store/086zjv14ipka2vbpgwil3xyvi5ml4vh3-nodejs-22.14.0",
              "default": true
            },
            {
              "name": "dev",
              "path": "/nix/store/24n01nfvy908pwzwpgsl0k4227187i7i-nodejs-22.14.0-dev"
            },
            {
              "name": "libv8",
              "path": "/nix/store/jiwk0in1wk85crn9vp03gg937gbh1s0w-nodejs-22.14.0-libv8"
            }
          ],
          "store_path": "/nix/store/086zjv14ipka2vbpgwil3xyvi5ml4vh3-nodejs-22.14.0"
        },
        "x86_64-linux": {
          "outputs": [
            {
              "name": "out",
              "path": "/nix/store/c8jxsih8yy2rnncdmx2hyraizf689nvp-nodejs-22.14.0",
              "default": true
            },
            {
              "name": "libv8",
              "path": "/nix/store/s8gnrgh9hgnbkrc1wrn21d6zvkbvm9vi-nodejs-22.14.0-libv8"
            },
            {
              "name": "dev",
              "path": "/nix/store/xw8c1c0inxq3xl1d7axz19vq8c05kjk5-nodejs-22.14.0-dev"
            }
          ],
          "store_path": "/nix/store/c8jxsih8yy2rnncdmx2hyraizf689nvp-nodejs-22.14.0"
        }
      }
    },
    "pandoc": {
      "resolved": "github:NixOS/nixpkgs/85a6c4a07faa12aaccd81b36ba9bfc2bec974fa1?narHash=sha256-3YJkOBrFpmcusnh7i8GXXEyh7qZG%2F8F5z5%2B717550Hk%3D#pandoc",
      "source": "nixpkg",
      "systems": {
        "x86_64-linux": {
          "outputs": [
            {
              "path": "/nix/store/6mb6bp11wz1s8kg07345ndqx4gr0m07c-pandoc-cli-3.7.0.2",
              "default": true
            }
          ]
        }
      }
    },
    "playwright@latest": {
      "last_modified": "2025-10-22T20:59:19Z",
      "resolved": "github:NixOS/nixpkgs/01b6809f7f9d1183a2b3e081f0a1e6f8f415cb09#playwright",
      "source": "devbox-search",
      "version": "1.54.1",
      "systems": {
        "aarch64-darwin": {
          "outputs": [
            {
              "name": "out",
              "path": "/nix/store/pk7xy8a0fnd0xlwhigb0yw0rdf5hsh84-playwright-core-1.54.1",
              "default": true
            }
          ],
          "store_path": "/nix/store/pk7xy8a0fnd0xlwhigb0yw0rdf5hsh84-playwright-core-1.54.1"
        },
        "aarch64-linux": {
          "outputs": [
            {
              "name": "out",
              "path": "/nix/store/5nyv9cppik3wpzrf13zw33fh41sxd2i3-playwright-core-1.54.1",
              "default": true
            }
          ],
          "store_path": "/nix/store/5nyv9cppik3wpzrf13zw33fh41sxd2i3-playwright-core-1.54.1"
        },
        "x86_64-darwin": {
          "outputs": [
            {
              "name": "out",
              "path": "/nix/store/rygj6222nfnyq0d0w7m1j1z7j8c08lyb-playwright-core-1.54.1",
              "default": true
            }
          ],
          "store_path": "/nix/store/rygj6222nfnyq0d0w7m1j1z7j8c08lyb-playwright-core-1.54.1"
        },
        "x86_64-linux": {
          "outputs": [
            {
              "name": "out",
              "path": "/nix/store/glh4hlkz4qgrl3bbh9cymwx0rww7679i-playwright-core-1.54.1",
              "default": true
            }
          ],
          "store_path": "/nix/store/glh4hlkz4qgrl3bbh9cymwx0rww7679i-playwright-core-1.54.1"
        }
      }
    },
    "poppler-utils@latest": {
      "last_modified": "2025-10-26T01:09:48Z",
      "resolved": "github:NixOS/nixpkgs/de69d2ba6c70e747320df9c096523b623d3a4c35#poppler-utils",
      "source": "devbox-search",
      "version": "25.10.0",
      "systems": {
        "aarch64-darwin": {
          "outputs": [
            {
              "name": "out",
              "path": "/nix/store/077nnn38cszqz78y2y4dch14ccr54vzy-poppler-utils-25.10.0",
              "default": true
            },
            {
              "name": "dev",
              "path": "/nix/store/vy2xp1yhjl1h00mgvbkdk4kncn862cz2-poppler-utils-25.10.0-dev"
            }
          ],
          "store_path": "/nix/store/077nnn38cszqz78y2y4dch14ccr54vzy-poppler-utils-25.10.0"
        },
        "aarch64-linux": {
          "outputs": [
            {
              "name": "out",
              "path": "/nix/store/6qg3fq0rpqkzrcii5wr1dx4xbp4ikmig-poppler-utils-25.10.0",
              "default": true
            },
            {
              "name": "dev",
              "path": "/nix/store/1gl5ph2wf7xhvkvjx0nx4ipxnlmpi7qp-poppler-utils-25.10.0-dev"
            }
          ],
          "store_path": "/nix/store/6qg3fq0rpqkzrcii5wr1dx4xbp4ikmig-poppler-utils-25.10.0"
        },
        "x86_64-darwin": {
          "outputs": [
            {
              "name": "out",
              "path": "/nix/store/di3v6ndmcfw56fp8rp4nmfy3rwb4q17c-poppler-utils-25.10.0",
              "default": true
            },
            {
              "name": "dev",
              "path": "/nix/store/isn68ncn3nky1hg23mddlarsfs06b01v-poppler-utils-25.10.0-dev"
            }
          ],
          "store_path": "/nix/store/di3v6ndmcfw56fp8rp4nmfy3rwb4q17c-poppler-utils-25.10.0"
        },
        "x86_64-linux": {
          "outputs": [
            {
              "name": "out",
              "path": "/nix/store/6r6dnq9rh9wwcyzq3zds6sy2l658a0c7-poppler-utils-25.10.0",
              "default": true
            },
            {
              "name": "dev",
              "path": "/nix/store/04pf9yc7v2h0zh0lips70ba6cg7hv10x-poppler-utils-25.10.0-dev"
            }
          ],
          "store_path": "/nix/store/6r6dnq9rh9wwcyzq3zds6sy2l658a0c7-poppler-utils-25.10.0"
        }
      }
    },
    "python312Packages.defusedxml": {
      "resolved": "github:NixOS/nixpkgs/85a6c4a07faa12aaccd81b36ba9bfc2bec974fa1?narHash=sha256-3YJkOBrFpmcusnh7i8GXXEyh7qZG%2F8F5z5%2B717550Hk%3D#python312Packages.defusedxml",
      "source": "nixpkg",
      "systems": {
        "x86_64-linux": {
          "outputs": [
            {
              "path": "/nix/store/zky8wy3ckm3lrjjx8gksxxs0wx7irzb7-python3.12-defusedxml-0.8.0rc2",
              "default": true
            }
          ]
        }
      }
    },
    "python312Packages.markitdown@latest": {
      "last_modified": "2025-11-12T10:38:40Z",
      "resolved": "github:NixOS/nixpkgs/91c9a64ce2a84e648d0cf9671274bb9c2fb9ba60#python312Packages.markitdown",
      "source": "devbox-search",
      "version": "0.1.3",
      "systems": {
        "aarch64-darwin": {
          "outputs": [
            {
              "name": "out",
              "path": "/nix/store/94y0lnhb5m4kal9dxjcva57mksc5igid-python3.12-markitdown-0.1.3",
              "default": true
            },
            {
              "name": "dist",
              "path": "/nix/store/wzwcz9lz5rchv0lbs9p6fy505i1v5q0i-python3.12-markitdown-0.1.3-dist"
            }
          ],
          "store_path": "/nix/store/94y0lnhb5m4kal9dxjcva57mksc5igid-python3.12-markitdown-0.1.3"
        },
        "x86_64-darwin": {
          "outputs": [
            {
              "name": "out",
              "path": "/nix/store/zm82cqr5sfwaqk8hvmxcvixa10ipc7ym-python3.12-markitdown-0.1.3",
              "default": true
            },
            {
              "name": "dist",
              "path": "/nix/store/4yb5gl6bllgradcaywpxda0fl19gn2wb-python3.12-markitdown-0.1.3-dist"
            }
          ],
          "store_path": "/nix/store/zm82cqr5sfwaqk8hvmxcvixa10ipc7ym-python3.12-markitdown-0.1.3"
        },
        "x86_64-linux": {
          "outputs": [
            {
              "name": "out",
              "path": "/nix/store/ky9pgk8p45sffgnv6glia0dg3g1395r7-python3.12-markitdown-0.1.3",
              "default": true
            },
            {
              "name": "dist",
              "path": "/nix/store/rd3zbjmabqxzfa8gvjfmj1s4savrzrbb-python3.12-markitdown-0.1.3-dist"
            }
          ],
          "store_path": "/nix/store/ky9pgk8p45sffgnv6glia0dg3g1395r7-python3.12-markitdown-0.1.3"
        }
      }
    },
    "python312Packages.matplotlib@latest": {
      "last_modified": "2025-10-22T20:59:19Z",
      "resolved": "github:NixOS/nixpkgs/01b6809f7f9d1183a2b3e081f0a1e6f8f415cb09#python312Packages.matplotlib",
      "source": "devbox-search",
      "version": "3.10.5",
      "systems": {
        "aarch64-darwin": {
          "outputs": [
            {
              "name": "out",
              "path": "/nix/store/4nfmx0qhs7n0pb5xdpkba8lxfhqq6k0c-python3.12-matplotlib-3.10.5",
              "default": true
            },
            {
              "name": "dist",
              "path": "/nix/store/pjddggfw37j87r3ifzyw7jqjfl15vw24-python3.12-matplotlib-3.10.5-dist"
            }
          ],
          "store_path": "/nix/store/4nfmx0qhs7n0pb5xdpkba8lxfhqq6k0c-python3.12-matplotlib-3.10.5"
        },
        "aarch64-linux": {
          "outputs": [
            {
              "name": "out",
              "path": "/nix/store/5qk8ghc727blln8aalbsvgci06bsazvh-python3.12-matplotlib-3.10.5",
              "default": true
            },
            {
              "name": "dist",
              "path": "/nix/store/ral4hq7fd3alzc1riiwrk4s41npivf9i-python3.12-matplotlib-3.10.5-dist"
            }
          ],
          "store_path": "/nix/store/5qk8ghc727blln8aalbsvgci06bsazvh-python3.12-matplotlib-3.10.5"
        },
        "x86_64-darwin": {
          "outputs": [
            {
              "name": "out",
              "path": "/nix/store/1j9lhcki0vynyris61rbibwhicyvdxwq-python3.12-matplotlib-3.10.5",
              "default": true
            },
            {
              "name": "dist",
              "path": "/nix/store/gpgw1ckl0ms8cydcb2d9h8xbxnaks8fh-python3.12-matplotlib-3.10.5-dist"
            }
          ],
          "store_path": "/nix/store/1j9lhcki0vynyris61rbibwhicyvdxwq-python3.12-matplotlib-3.10.5"
        },
        "x86_64-linux": {
          "outputs": [
            {
              "name": "out",
              "path": "/nix/store/05j25rykwfz1i3gph143yvc7v5c084z5-python3.12-matplotlib-3.10.5",
              "default": true
            },
            {
              "name": "dist",
              "path": "/nix/store/l1q6afzipp031myqr04cawnvfn0zqb8h-python3.12-matplotlib-3.10.5-dist"
            }
          ],
          "store_path": "/nix/store/05j25rykwfz1i3gph143yvc7v5c084z5-python3.12-matplotlib-3.10.5"
        }
      }
    },
    "python312Packages.openpyxl@latest": {
      "last_modified": "2025-10-22T20:59:19Z",
      "resolved": "github:NixOS/nixpkgs/01b6809f7f9d1183a2b3e081f0a1e6f8f415cb09#python312Packages.openpyxl",
      "source": "devbox-search",
      "version": "3.1.5",
      "systems": {
        "aarch64-darwin": {
          "outputs": [
            {
              "name": "out",
              "path": "/nix/store/929jqrcnddypg9yfdbpkqslg9hkfbcbq-python3.12-openpyxl-3.1.5",
              "default": true
            },
            {
              "name": "dist",
              "path": "/nix/store/gncpx4cdxm5l088wf3hnzhhhwkkshq2i-python3.12-openpyxl-3.1.5-dist"
            }
          ],
          "store_path": "/nix/store/929jqrcnddypg9yfdbpkqslg9hkfbcbq-python3.12-openpyxl-3.1.5"
        },
        "aarch64-linux": {
          "outputs": [
            {
              "name": "out",
              "path": "/nix/store/fhck6jx4zspgs7h5ss9m6clp6m5685d1-python3.12-openpyxl-3.1.5",
              "default": true
            },
            {
              "name": "dist",
              "path": "/nix/store/yyxrdbk0617w1qynfi7x7wrvfl2ahr16-python3.12-openpyxl-3.1.5-dist"
            }
          ],
          "store_path": "/nix/store/fhck6jx4zspgs7h5ss9m6clp6m5685d1-python3.12-openpyxl-3.1.5"
        },
        "x86_64-darwin": {
          "outputs": [
            {
              "name": "out",
              "path": "/nix/store/z8y7w015vxqfjfsrd97jk0rw4j7w9rjy-python3.12-openpyxl-3.1.5",
              "default": true
            },
            {
              "name": "dist",
              "path": "/nix/store/qkzfkahzs3dkc027i5i7ivzgcp6a3pj9-python3.12-openpyxl-3.1.5-dist"
            }
          ],
          "store_path": "/nix/store/z8y7w015vxqfjfsrd97jk0rw4j7w9rjy-python3.12-openpyxl-3.1.5"
        },
        "x86_64-linux": {
          "outputs": [
            {
              "name": "out",
              "path": "/nix/store/2nr0ws1hnp8kcnf9487jxmsq57qwwi9c-python3.12-openpyxl-3.1.5",
              "default": true
            },
            {
              "name": "dist",
              "path": "/nix/store/6jaqhv6a3wnydhj1k89lgff0dhgy6w6d-python3.12-openpyxl-3.1.5-dist"
            }
          ],
          "store_path": "/nix/store/2nr0ws1hnp8kcnf9487jxmsq57qwwi9c-python3.12-openpyxl-3.1.5"
        }
      }
    },
    "python312Packages.pandas": {
      "resolved": "github:NixOS/nixpkgs/85a6c4a07faa12aaccd81b36ba9bfc2bec974fa1?narHash=sha256-3YJkOBrFpmcusnh7i8GXXEyh7qZG%2F8F5z5%2B717550Hk%3D#python312Packages.pandas",
      "source": "nixpkg",
      "systems": {
        "x86_64-linux": {
          "outputs": [
            {
              "path": "/nix/store/nyqkbjdyzr5w2rpnwyx44lqmgg7mbzza-python3.12-pandas-2.3.1",
              "default": true
            }
          ]
        }
      }
    },
    "python312Packages.pdf2image@latest": {
      "last_modified": "2025-10-26T01:09:48Z",
      "resolved": "github:NixOS/nixpkgs/de69d2ba6c70e747320df9c096523b623d3a4c35#python312Packages.pdf2image",
      "source": "devbox-search",
      "version": "1.17.0",
      "systems": {
        "aarch64-darwin": {
          "outputs": [
            {
              "name": "out",
              "path": "/nix/store/057lavs21z4glrf4rbxi1425kwqyn4lp-python3.12-pdf2image-1.17.0",
              "default": true
            },
            {
              "name": "dist",
              "path": "/nix/store/2dhl1brwwhiz45vq0klr4h920k63pjq0-python3.12-pdf2image-1.17.0-dist"
            }
          ],
          "store_path": "/nix/store/057lavs21z4glrf4rbxi1425kwqyn4lp-python3.12-pdf2image-1.17.0"
        },
        "aarch64-linux": {
          "outputs": [
            {
              "name": "out",
              "path": "/nix/store/qiqchn9rq5ghgc8y5n5aqwsc03bnbivp-python3.12-pdf2image-1.17.0",
              "default": true
            },
            {
              "name": "dist",
              "path": "/nix/store/63kk0rx5wn2rhzb3nrjfdf0xv40am123-python3.12-pdf2image-1.17.0-dist"
            }
          ],
          "store_path": "/nix/store/qiqchn9rq5ghgc8y5n5aqwsc03bnbivp-python3.12-pdf2image-1.17.0"
        },
        "x86_64-darwin": {
          "outputs": [
            {
              "name": "out",
              "path": "/nix/store/ahrpam6lkw4by19m4yvsd6hwjjvp15n5-python3.12-pdf2image-1.17.0",
              "default": true
            },
            {
              "name": "dist",
              "path": "/nix/store/yb9v6lx3i027q45la5qm6vzsxlsn061h-python3.12-pdf2image-1.17.0-dist"
            }
          ],
          "store_path": "/nix/store/ahrpam6lkw4by19m4yvsd6hwjjvp15n5-python3.12-pdf2image-1.17.0"
        },
        "x86_64-linux": {
          "outputs": [
            {
              "name": "out",
              "path": "/nix/store/62zyxxw2v74ph529w3lyn0ggis376x7s-python3.12-pdf2image-1.17.0",
              "default": true
            },
            {
              "name": "dist",
              "path": "/nix/store/qam3vi4ycrpg1fwf8kclpvdhzwjkg916-python3.12-pdf2image-1.17.0-dist"
            }
          ],
          "store_path": "/nix/store/62zyxxw2v74ph529w3lyn0ggis376x7s-python3.12-pdf2image-1.17.0"
        }
      }
    },
    "python312Packages.pdfplumber@latest": {
      "last_modified": "2025-11-12T10:38:40Z",
      "resolved": "github:NixOS/nixpkgs/91c9a64ce2a84e648d0cf9671274bb9c2fb9ba60#python312Packages.pdfplumber",
      "source": "devbox-search",
      "version": "0.11.8",
      "systems": {
        "aarch64-darwin": {
          "outputs": [
            {
              "name": "out",
              "path": "/nix/store/z6h5acxw61ckx9jpl9plbp8z8xc7yx6g-python3.12-pdfplumber-0.11.8",
              "default": true
            },
            {
              "name": "dist",
              "path": "/nix/store/41phwcza6x0j87rifr56ws3cgbsk92js-python3.12-pdfplumber-0.11.8-dist"
            }
          ],
          "store_path": "/nix/store/z6h5acxw61ckx9jpl9plbp8z8xc7yx6g-python3.12-pdfplumber-0.11.8"
        },
        "aarch64-linux": {
          "outputs": [
            {
              "name": "out",
              "path": "/nix/store/xy1q8iqclfh96w1bhcc8z5p8jkwf6lwr-python3.12-pdfplumber-0.11.8",
              "default": true
            },
            {
              "name": "dist",
              "path": "/nix/store/h7kdn7v748744xljnx728hv3n19k5cjg-python3.12-pdfplumber-0.11.8-dist"
            }
          ],
          "store_path": "/nix/store/xy1q8iqclfh96w1bhcc8z5p8jkwf6lwr-python3.12-pdfplumber-0.11.8"
        },
        "x86_64-darwin": {
          "outputs": [
            {
              "name": "out",
              "path": "/nix/store/jmmmfy2w7nmq9zqym2d5145si00njxxl-python3.12-pdfplumber-0.11.8",
              "default": true
            },
            {
              "name": "dist",
              "path": "/nix/store/hnqyw0q8ag5b10x49yjrilr9pahi4n50-python3.12-pdfplumber-0.11.8-dist"
            }
          ],
          "store_path": "/nix/store/jmmmfy2w7nmq9zqym2d5145si00njxxl-python3.12-pdfplumber-0.11.8"
        },
        "x86_64-linux": {
          "outputs": [
            {
              "name": "out",
              "path": "/nix/store/zhnfv596ywgakkn31nkaj632ab36nbn8-python3.12-pdfplumber-0.11.8",
              "default": true
            },
            {
              "name": "dist",
              "path": "/nix/store/02pg300fp08jkflm82rixhk7567d0ghz-python3.12-pdfplumber-0.11.8-dist"
            }
          ],
          "store_path": "/nix/store/zhnfv596ywgakkn31nkaj632ab36nbn8-python3.12-pdfplumber-0.11.8"
        }
      }
    },
    "python312Packages.pypdf2@latest": {
      "last_modified": "2025-10-22T20:59:19Z",
      "resolved": "github:NixOS/nixpkgs/01b6809f7f9d1183a2b3e081f0a1e6f8f415cb09#python312Packages.pypdf2",
      "source": "devbox-search",
      "version": "3.0.1",
      "systems": {
        "aarch64-darwin": {
          "outputs": [
            {
              "name": "out",
              "path": "/nix/store/4nj33p6wprgsgb1lncgsdkgv4k3vb54q-python3.12-pypdf2-3.0.1",
              "default": true
            },
            {
              "name": "dist",
              "path": "/nix/store/hfgd4y32h6acylgjxix805qcklhgjawv-python3.12-pypdf2-3.0.1-dist"
            }
          ],
          "store_path": "/nix/store/4nj33p6wprgsgb1lncgsdkgv4k3vb54q-python3.12-pypdf2-3.0.1"
        },
        "aarch64-linux": {
          "outputs": [
            {
              "name": "out",
              "path": "/nix/store/0dbrci8lrmn7ccvppzhqql5mw7lgf890-python3.12-pypdf2-3.0.1",
              "default": true
            },
            {
              "name": "dist",
              "path": "/nix/store/q3a1bx3qhpfjq3r0d4xkbidr6jy3gzv9-python3.12-pypdf2-3.0.1-dist"
            }
          ],
          "store_path": "/nix/store/0dbrci8lrmn7ccvppzhqql5mw7lgf890-python3.12-pypdf2-3.0.1"
        },
        "x86_64-darwin": {
          "outputs": [
            {
              "name": "out",
              "path": "/nix/store/21g5i6gzgjsq3946i43v2v1is0zwmk2y-python3.12-pypdf2-3.0.1",
              "default": true
            },
            {
              "name": "dist",
              "path": "/nix/store/x76nqpjsbma8zm0xlrrlkd5zvi1mqczp-python3.12-pypdf2-3.0.1-dist"
            }
          ],
          "store_path": "/nix/store/21g5i6gzgjsq3946i43v2v1is0zwmk2y-python3.12-pypdf2-3.0.1"
        },
        "x86_64-linux": {
          "outputs": [
            {
              "name": "out",
              "path": "/nix/store/6j2fmyifrfyagsw3nkkcn8z76yw77cr1-python3.12-pypdf2-3.0.1",
              "default": true
            },
            {
              "name": "dist",
              "path": "/nix/store/pkqc4val94pc4mv0x7ldkfhaysdm1c4k-python3.12-pypdf2-3.0.1-dist"
            }
          ],
          "store_path": "/nix/store/6j2fmyifrfyagsw3nkkcn8z76yw77cr1-python3.12-pypdf2-3.0.1"
        }
      }
    },
    "python312Packages.pypdfium2@latest": {
      "last_modified": "2025-10-22T20:59:19Z",
      "resolved": "github:NixOS/nixpkgs/01b6809f7f9d1183a2b3e081f0a1e6f8f415cb09#python312Packages.pypdfium2",
      "source": "devbox-search",
      "version": "4.30.1",
      "systems": {
        "aarch64-darwin": {
          "outputs": [
            {
              "name": "out",
              "path": "/nix/store/aigi9mzwqqvbkvx4v3ypmjva2kz5czh1-python3.12-pypdfium2-4.30.1",
              "default": true
            },
            {
              "name": "dist",
              "path": "/nix/store/c49wi95clm0awpmjwf02pr6kfbxng4gq-python3.12-pypdfium2-4.30.1-dist"
            }
          ],
          "store_path": "/nix/store/aigi9mzwqqvbkvx4v3ypmjva2kz5czh1-python3.12-pypdfium2-4.30.1"
        },
        "aarch64-linux": {
          "outputs": [
            {
              "name": "out",
              "path": "/nix/store/6xifhhy0h989sfgnqfzh37ks3fym3x2b-python3.12-pypdfium2-4.30.1",
              "default": true
            },
            {
              "name": "dist",
              "path": "/nix/store/dasl9wzi3wqbnn9mifv3yi9rzqraap9b-python3.12-pypdfium2-4.30.1-dist"
            }
          ],
          "store_path": "/nix/store/6xifhhy0h989sfgnqfzh37ks3fym3x2b-python3.12-pypdfium2-4.30.1"
        },
        "x86_64-darwin": {
          "outputs": [
            {
              "name": "out",
              "path": "/nix/store/97y2brj3r7ral2sc7pgqnilgf1kiknax-python3.12-pypdfium2-4.30.1",
              "default": true
            },
            {
              "name": "dist",
              "path": "/nix/store/m5m4j9fpilvjp1x0098h6hcx6dmhgwyy-python3.12-pypdfium2-4.30.1-dist"
            }
          ],
          "store_path": "/nix/store/97y2brj3r7ral2sc7pgqnilgf1kiknax-python3.12-pypdfium2-4.30.1"
        },
        "x86_64-linux": {
          "outputs": [
            {
              "name": "out",
              "path": "/nix/store/b2nyajllmg1gl9yzkra63n17yxmj87gh-python3.12-pypdfium2-4.30.1",
              "default": true
            },
            {
              "name": "dist",
              "path": "/nix/store/8h2i5xz7vzxlr0s1cpzgrp0pqhy0jjk8-python3.12-pypdfium2-4.30.1-dist"
            }
          ],
          "store_path": "/nix/store/b2nyajllmg1gl9yzkra63n17yxmj87gh-python3.12-pypdfium2-4.30.1"
        }
      }
    },
    "python312Packages.pytesseract@latest": {
      "last_modified": "2025-10-22T20:59:19Z",
      "resolved": "github:NixOS/nixpkgs/01b6809f7f9d1183a2b3e081f0a1e6f8f415cb09#python312Packages.pytesseract",
      "source": "devbox-search",
      "version": "0.3.13",
      "systems": {
        "aarch64-darwin": {
          "outputs": [
            {
              "name": "out",
              "path": "/nix/store/xbpa9hd22xkxd7g43c7rzwljj6knx4ax-python3.12-pytesseract-0.3.13",
              "default": true
            },
            {
              "name": "dist",
              "path": "/nix/store/xylwwykkbvampb6ij8ixc3y6lazm2kfa-python3.12-pytesseract-0.3.13-dist"
            }
          ],
          "store_path": "/nix/store/xbpa9hd22xkxd7g43c7rzwljj6knx4ax-python3.12-pytesseract-0.3.13"
        },
        "aarch64-linux": {
          "outputs": [
            {
              "name": "out",
              "path": "/nix/store/igmh05xq8bhngaqkj76ix6mb5jkiamrg-python3.12-pytesseract-0.3.13",
              "default": true
            },
            {
              "name": "dist",
              "path": "/nix/store/dzxqcx9nnw3a49hcvf91pwjfix7vv6xw-python3.12-pytesseract-0.3.13-dist"
            }
          ],
          "store_path": "/nix/store/igmh05xq8bhngaqkj76ix6mb5jkiamrg-python3.12-pytesseract-0.3.13"
        },
        "x86_64-darwin": {
          "outputs": [
            {
              "name": "out",
              "path": "/nix/store/assqxl1wd2c30kli0sxml47qkh3h3rph-python3.12-pytesseract-0.3.13",
              "default": true
            },
            {
              "name": "dist",
              "path": "/nix/store/4n5rvhrs3z1x5yrchq7xirlry70fx1i2-python3.12-pytesseract-0.3.13-dist"
            }
          ],
          "store_path": "/nix/store/assqxl1wd2c30kli0sxml47qkh3h3rph-python3.12-pytesseract-0.3.13"
        },
        "x86_64-linux": {
          "outputs": [
            {
              "name": "out",
              "path": "/nix/store/64np9p2vnsvmn3hghnj7j0608lk062wj-python3.12-pytesseract-0.3.13",
              "default": true
            },
            {
              "name": "dist",
              "path": "/nix/store/nsl34mj9v5g4zckffl4mhcfci422vp4j-python3.12-pytesseract-0.3.13-dist"
            }
          ],
          "store_path": "/nix/store/64np9p2vnsvmn3hghnj7j0608lk062wj-python3.12-pytesseract-0.3.13"
        }
      }
    },
    "python312Packages.reportlab@latest": {
      "last_modified": "2025-10-22T20:59:19Z",
      "resolved": "github:NixOS/nixpkgs/01b6809f7f9d1183a2b3e081f0a1e6f8f415cb09#python312Packages.reportlab",
      "source": "devbox-search",
      "version": "4.4.3",
      "systems": {
        "aarch64-darwin": {
          "outputs": [
            {
              "name": "out",
              "path": "/nix/store/ylydk1a9bf5gl9r55ry7cwq9vph084ic-python3.12-reportlab-4.4.3",
              "default": true
            },
            {
              "name": "dist",
              "path": "/nix/store/z5bfqa376hsdkkslwg1i0cfw6d2r2530-python3.12-reportlab-4.4.3-dist"
            }
          ],
          "store_path": "/nix/store/ylydk1a9bf5gl9r55ry7cwq9vph084ic-python3.12-reportlab-4.4.3"
        },
        "aarch64-linux": {
          "outputs": [
            {
              "name": "out",
              "path": "/nix/store/p87xc2b91fs8fmshpiri31jb2kz72l81-python3.12-reportlab-4.4.3",
              "default": true
            },
            {
              "name": "dist",
              "path": "/nix/store/va6f5nn4aiarngx9h9s8bbv51npdkn7p-python3.12-reportlab-4.4.3-dist"
            }
          ],
          "store_path": "/nix/store/p87xc2b91fs8fmshpiri31jb2kz72l81-python3.12-reportlab-4.4.3"
        },
        "x86_64-darwin": {
          "outputs": [
            {
              "name": "out",
              "path": "/nix/store/l5j79vhrbfga58dfhkqjcbskk3f0rrj3-python3.12-reportlab-4.4.3",
              "default": true
            },
            {
              "name": "dist",
              "path": "/nix/store/k70vwrlxn6ha21631vd6nvip35xprpv7-python3.12-reportlab-4.4.3-dist"
            }
          ],
          "store_path": "/nix/store/l5j79vhrbfga58dfhkqjcbskk3f0rrj3-python3.12-reportlab-4.4.3"
        },
        "x86_64-linux": {
          "outputs": [
            {
              "name": "out",
              "path": "/nix/store/7q86gs31lzvlw30ayhm2h6y7q0nsjx1k-python3.12-reportlab-4.4.3",
              "default": true
            },
            {
              "name": "dist",
              "path": "/nix/store/fgslf4k6hpnc8cffmrlf1223kzw032iv-python3.12-reportlab-4.4.3-dist"
            }
          ],
          "store_path": "/nix/store/7q86gs31lzvlw30ayhm2h6y7q0nsjx1k-python3.12-reportlab-4.4.3"
        }
      }
    },
    "python312Packages.seaborn@latest": {
      "last_modified": "2025-10-22T20:59:19Z",
      "resolved": "github:NixOS/nixpkgs/01b6809f7f9d1183a2b3e081f0a1e6f8f415cb09#python312Packages.seaborn",
      "source": "devbox-search",
      "version": "0.13.2",
      "systems": {
        "aarch64-darwin": {
          "outputs": [
            {
              "name": "out",
              "path": "/nix/store/3my271hf2lvwygvsmg3xzz568bimrz6v-python3.12-seaborn-0.13.2",
              "default": true
            },
            {
              "name": "dist",
              "path": "/nix/store/50p0jzysxbqmfihhjhfld6ghmyq25616-python3.12-seaborn-0.13.2-dist"
            }
          ],
          "store_path": "/nix/store/3my271hf2lvwygvsmg3xzz568bimrz6v-python3.12-seaborn-0.13.2"
        },
        "aarch64-linux": {
          "outputs": [
            {
              "name": "out",
              "path": "/nix/store/2rqfqq2f0mf7xhlbzv2dhd38sn8xzj06-python3.12-seaborn-0.13.2",
              "default": true
            },
            {
              "name": "dist",
              "path": "/nix/store/qzmqqzvkh8wsjgqjqpwjkvn0d8kk1b7p-python3.12-seaborn-0.13.2-dist"
            }
          ],
          "store_path": "/nix/store/2rqfqq2f0mf7xhlbzv2dhd38sn8xzj06-python3.12-seaborn-0.13.2"
        },
        "x86_64-darwin": {
          "outputs": [
            {
              "name": "out",
              "path": "/nix/store/s262rgw5lvmi4h0aj6ccdpmvbnjzpn2w-python3.12-seaborn-0.13.2",
              "default": true
            },
            {
              "name": "dist",
              "path": "/nix/store/zpw3zazxgxldh35079mvav3d1wy9g7r7-python3.12-seaborn-0.13.2-dist"
            }
          ],
          "store_path": "/nix/store/s262rgw5lvmi4h0aj6ccdpmvbnjzpn2w-python3.12-seaborn-0.13.2"
        },
        "x86_64-linux": {
          "outputs": [
            {
              "name": "out",
              "path": "/nix/store/cnphhw8al2l02273p7js71ylpkz9y7gp-python3.12-seaborn-0.13.2",
              "default": true
            },
            {
              "name": "dist",
              "path": "/nix/store/85qd6y8blllljjmks84533qv1bgy3lnd-python3.12-seaborn-0.13.2-dist"
            }
          ],
          "store_path": "/nix/store/cnphhw8al2l02273p7js71ylpkz9y7gp-python3.12-seaborn-0.13.2"
        }
      }
    },
    "python@3.12": {
      "last_modified": "2025-10-22T20:59:19Z",
      "plugin_version": "0.0.4",
      "resolved": "github:NixOS/nixpkgs/01b6809f7f9d1183a2b3e081f0a1e6f8f415cb09#python312",
      "source": "devbox-search",
      "version": "3.12.11",
      "systems": {
        "aarch64-darwin": {
          "outputs": [
            {
              "name": "out",
              "path": "/nix/store/amnm5l9wmqkzk2paibhy81vp690dhrdk-python3-3.12.11",
              "default": true
            }
          ],
          "store_path": "/nix/store/amnm5l9wmqkzk2paibhy81vp690dhrdk-python3-3.12.11"
        },
        "aarch64-linux": {
          "outputs": [
            {
              "name": "out",
              "path": "/nix/store/01b2c1sr1f59iccr966p1y9672qrq32x-python3-3.12.11",
              "default": true
            },
            {
              "name": "debug",
              "path": "/nix/store/arhmw4qrpj4q7jxf7wfpwapbyrb6zmxn-python3-3.12.11-debug"
            }
          ],
          "store_path": "/nix/store/01b2c1sr1f59iccr966p1y9672qrq32x-python3-3.12.11"
        },
        "x86_64-darwin": {
          "outputs": [
            {
              "name": "out",
              "path": "/nix/store/fnada02q7c39gk1xjxz6kza4ayzaq0p1-python3-3.12.11",
              "default": true
            }
          ],
          "store_path": "/nix/store/fnada02q7c39gk1xjxz6kza4ayzaq0p1-python3-3.12.11"
        },
        "x86_64-linux": {
          "outputs": [
            {
              "name": "out",
              "path": "/nix/store/qlz1jypzdb320jp0ci0igxg2ghf0974d-python3-3.12.11",
              "default": true
            },
            {
              "name": "debug",
              "path": "/nix/store/pfapv5pfm3xynqvb64imhqgnmg39wxvf-python3-3.12.11-debug"
            }
          ],
          "store_path": "/nix/store/qlz1jypzdb320jp0ci0igxg2ghf0974d-python3-3.12.11"
        }
      }
    },
    "qpdf@latest": {
      "last_modified": "2025-11-08T12:28:21Z",
      "resolved": "github:NixOS/nixpkgs/f6b44b2401525650256b977063dbcf830f762369#qpdf",
      "source": "devbox-search",
      "version": "11.10.1",
      "systems": {
        "aarch64-darwin": {
          "outputs": [
            {
              "name": "bin",
              "path": "/nix/store/fngwvlrbwpqcds5kim541gyjli9p93cp-qpdf-11.10.1-bin",
              "default": true
            },
            {
              "name": "man",
              "path": "/nix/store/vl5p19163swmb18xq9n6yf299k1ki1w2-qpdf-11.10.1-man",
              "default": true
            },
            {
              "name": "doc",
              "path": "/nix/store/41hcjvi0s0g25a7x08livcbjlsqsd33a-qpdf-11.10.1-doc"
            },
            {
              "name": "lib",
              "path": "/nix/store/bg9j062x3g8ggd44z7nk327d9j8fqcyq-qpdf-11.10.1-lib"
            },
            {
              "name": "out",
              "path": "/nix/store/673s0alnnp8m4f5a4mpff6pj89bm4k4c-qpdf-11.10.1"
            }
          ],
          "store_path": "/nix/store/fngwvlrbwpqcds5kim541gyjli9p93cp-qpdf-11.10.1-bin"
        },
        "aarch64-linux": {
          "outputs": [
            {
              "name": "bin",
              "path": "/nix/store/3cgx3i6z3lwwif8q82nwlkbwdp9036sl-qpdf-11.10.1-bin",
              "default": true
            },
            {
              "name": "man",
              "path": "/nix/store/4cqnp05fb8w42rpl5ipmi2qhcxnn7w41-qpdf-11.10.1-man",
              "default": true
            },
            {
              "name": "lib",
              "path": "/nix/store/c9jf2s300sb7460pgcfqxlkjb8a5rj1g-qpdf-11.10.1-lib"
            },
            {
              "name": "out",
              "path": "/nix/store/gr15zqsfr0dpp9xx56vg62vpmbi42qbk-qpdf-11.10.1"
            },
            {
              "name": "doc",
              "path": "/nix/store/4mca9bihsaa2w2dp38jdnirrp0nbsylf-qpdf-11.10.1-doc"
            }
          ],
          "store_path": "/nix/store/3cgx3i6z3lwwif8q82nwlkbwdp9036sl-qpdf-11.10.1-bin"
        },
        "x86_64-darwin": {
          "outputs": [
            {
              "name": "bin",
              "path": "/nix/store/0nb4zshzq0wfic8x7j96722d5cp3n2gx-qpdf-11.10.1-bin",
              "default": true
            },
            {
              "name": "man",
              "path": "/nix/store/hfcky562d68gcbwapijbipskyqc10yiy-qpdf-11.10.1-man",
              "default": true
            },
            {
              "name": "out",
              "path": "/nix/store/my44whwl932yy7w08plp9nlbz7zx1xdh-qpdf-11.10.1"
            },
            {
              "name": "doc",
              "path": "/nix/store/lbysa0vfybwy52q0w5pbjzphja9bjsh2-qpdf-11.10.1-doc"
            },
            {
              "name": "lib",
              "path": "/nix/store/x5ci1kx63zrvdzcbdhwgws56g8fajir9-qpdf-11.10.1-lib"
            }
          ],
          "store_path": "/nix/store/0nb4zshzq0wfic8x7j96722d5cp3n2gx-qpdf-11.10.1-bin"
        },
        "x86_64-linux": {
          "outputs": [
            {
              "name": "bin",
              "path": "/nix/store/ayrdm4m4g1lkpb4d4jrb9ciqpqch4d8j-qpdf-11.10.1-bin",
              "default": true
            },
            {
              "name": "man",
              "path": "/nix/store/s5hxaavd28lnazh9yzhdlbvyxd00jgfy-qpdf-11.10.1-man",
              "default": true
            },
            {
              "name": "doc",
              "path": "/nix/store/0ci5v3lyisv1kmr22q6dkrdwkcr0vvzl-qpdf-11.10.1-doc"
            },
            {
              "name": "lib",
              "path": "/nix/store/05vzz2rrb9gvr4zpv5gl4234s5qbcmvw-qpdf-11.10.1-lib"
            },
            {
              "name": "out",
              "path": "/nix/store/rqkfi5ib2lxbdv7djsiy76y1jvbwcq28-qpdf-11.10.1"
            }
          ],
          "store_path": "/nix/store/ayrdm4m4g1lkpb4d4jrb9ciqpqch4d8j-qpdf-11.10.1-bin"
        }
      }
    },
    "yarn": {
      "resolved": "github:NixOS/nixpkgs/85a6c4a07faa12aaccd81b36ba9bfc2bec974fa1?narHash=sha256-3YJkOBrFpmcusnh7i8GXXEyh7qZG%2F8F5z5%2B717550Hk%3D#yarn",
      "source": "nixpkg",
      "systems": {
        "x86_64-linux": {
          "outputs": [
            {
              "path": "/nix/store/1n9cx8d4qfjxrrbdw7z62hlp5nb9bmjw-yarn-1.22.22",
              "default": true
            }
          ]
        }
      }
    }
  }
}
